github.com/GaryBoone/GoStats v0.0.0-20130122001700-1993eafbef57 h1:EUQH/F+mzJBs53c75r7R5zdM/kz7BHXoWBFsVXzadVw=
github.com/GaryBoone/GoStats v0.0.0-20130122001700-1993eafbef57/go.mod h1:5zDl2HgTb/k5i9op9y6IUSiuVkZFpUrWGQbZc9tNR40=
github.com/benbjohnson/clock v1.3.0 h1:ip6w0uFQkncKQ979AypyG0ER7mqUSBdKLOgAle/AT8A=
github.com/billhathaway/consistentHash v0.0.0-20140718022140-addea16d2229 h1:w1t+UCLwxXgpUcXAlm3IkvWHGJDfhIyNrzJmCUkJq7s=
github.com/billhathaway/consistentHash v0.0.0-20140718022140-addea16d2229/go.mod h1:YTos5xiYv+RiIsYn3pqdwe5OULySucMqiPes1OgC5pM=
github.com/davecgh/go-spew v1.1.1 h1:vj9j/u1bqnvCEfJOwUhtlOARqs3+rkHYY13jYWTU97c=
github.com/pmezard/go-difflib v1.0.0 h1:4DBwDE0NGyQoBHbLQYPwSUPoCMWR5BEzIk/f1lZbAQM=
github.com/spaolacci/murmur3 v1.1.0 h1:7c1g84S4BPRrfL5Xrdp6fOJ206sU9y293DDHaoy0bLI=
github.com/spaolacci/murmur3 v1.1.0/go.mod h1:JwIasOWyU6f++ZhiEuf87xNszmSA2myDM2Kzu9HwQUA=
github.com/stretchr/testify v1.8.3 h1:RP3t2pwF7cMEbC1dqtB6poj3niw/9gnV4Cjg5oW5gtY=
github.com/stretchr/testify v1.8.3/go.mod h1:sz/lmYIOXD/1dqDmKjjqLyZ2RngseejIcXlSw2iwfAo=
go.uber.org/atomic v1.7.0 h1:ADUqmZGgLDDfbSL9ZmPxKTybcoEYHgpYfELNoN+7hsw=
go.uber.org/dig v1.17.0 h1:5Chju+tUvcC+N7N6EV08BJz41UZuO3BmHcN4A287ZLI=
go.uber.org/dig v1.17.0/go.mod h1:rTxpf7l5I0eBTlE6/9RL+lDybC7WFwY2QH55ZSjy1mU=
go.uber.org/fx v1.20.1 h1:zVwVQGS8zYvhh9Xxcu4w1M6ESyeMzebzj2NbSayZ4Mk=
go.uber.org/fx v1.20.1/go.mod h1:iSYNbHf2y55acNCwCXKx7LbWb5WG1Bnue5RDXz1OREg=
go.uber.org/goleak v1.3.0 h1:2K3zAYmnTNqV73imy9J1T3WC+gmCePx2hEGkimedGto=
go.uber.org/multierr v1.11.0 h1:blXXJkSxSSfBVBlC76pxqeO+LN3aDfLQo+309xJstO0=
go.uber.org/multierr v1.11.0/go.mod h1:20+QtiLqy0Nd6FdQB9TLXag12DsQkrbs3htMFfDN80Y=
go.uber.org/zap v1.27.0 h1:aJMhYGrd5QSmlpLMr2MftRKl7t8J8PTZPA732ud/XR8=
go.uber.org/zap v1.27.0/go.mod h1:GB2qFLM7cTU87MWRP2mPIjqfIDnGu+VIO4V/SdhGo2E=
golang.org/x/sys v0.0.0-20220412211240-33da011f77ad h1:ntjMns5wyP/fN65tdBD4g8J5w8n015+iIIs9rtjXkY0=
golang.org/x/sys v0.0.0-20220412211240-33da011f77ad/go.mod h1:oPkhp1MJrh7nUepCBck5+mAzfO9JrbApNNgaTdGDITg=
gopkg.in/yaml.v3 v3.0.1 h1:fxVm/GzAzEWqLHuvctI91KS9hhNmmWOoWu0XTYJS7CA=
